// !$*UTF8*$!
{
	archiveVersion = 1;
	classes = {
	};
	objectVersion = 55;
	objects = {

/* Begin PBXBuildFile section */
		C75691B92879E22E003F25AE /* ImplicitAnimationsView.swift in Sources */ = {isa = PBXBuildFile; fileRef = C75691B82879E22E003F25AE /* ImplicitAnimationsView.swift */; };
		C75691BB2879E31D003F25AE /* CustomizingAnimationsView.swift in Sources */ = {isa = PBXBuildFile; fileRef = C75691BA2879E31D003F25AE /* CustomizingAnimationsView.swift */; };
		C75691BD2879E48F003F25AE /* AnimatingBindingsView.swift in Sources */ = {isa = PBXBuildFile; fileRef = C75691BC2879E48F003F25AE /* AnimatingBindingsView.swift */; };
		C75691BF2879E54E003F25AE /* ExplicitAnimationsView.swift in Sources */ = {isa = PBXBuildFile; fileRef = C75691BE2879E54E003F25AE /* ExplicitAnimationsView.swift */; };
		C75691C12879E5F7003F25AE /* ControllingAnimationStackView.swift in Sources */ = {isa = PBXBuildFile; fileRef = C75691C02879E5F7003F25AE /* ControllingAnimationStackView.swift */; };
		C75691C32879E673003F25AE /* AnimatingGesturesView.swift in Sources */ = {isa = PBXBuildFile; fileRef = C75691C22879E673003F25AE /* AnimatingGesturesView.swift */; };
		C75691C52879E740003F25AE /* TransitionsView.swift in Sources */ = {isa = PBXBuildFile; fileRef = C75691C42879E740003F25AE /* TransitionsView.swift */; };
		C75691C72879E7A0003F25AE /* ViewModifierView.swift in Sources */ = {isa = PBXBuildFile; fileRef = C75691C62879E7A0003F25AE /* ViewModifierView.swift */; };
		C767BE802867647C00D6BF4E /* AnimationsApp.swift in Sources */ = {isa = PBXBuildFile; fileRef = C767BE7F2867647C00D6BF4E /* AnimationsApp.swift */; };
		C767BE822867647C00D6BF4E /* ContentView.swift in Sources */ = {isa = PBXBuildFile; fileRef = C767BE812867647C00D6BF4E /* ContentView.swift */; };
		C767BE842867647F00D6BF4E /* Assets.xcassets in Resources */ = {isa = PBXBuildFile; fileRef = C767BE832867647F00D6BF4E /* Assets.xcassets */; };
		C767BE872867647F00D6BF4E /* Preview Assets.xcassets in Resources */ = {isa = PBXBuildFile; fileRef = C767BE862867647F00D6BF4E /* Preview Assets.xcassets */; };
/* End PBXBuildFile section */

/* Begin PBXFileReference section */
		C75691B82879E22E003F25AE /* ImplicitAnimationsView.swift */ = {isa = PBXFileReference; lastKnownFileType = sourcecode.swift; path = ImplicitAnimationsView.swift; sourceTree = "<group>"; };
		C75691BA2879E31D003F25AE /* CustomizingAnimationsView.swift */ = {isa = PBXFileReference; lastKnownFileType = sourcecode.swift; path = CustomizingAnimationsView.swift; sourceTree = "<group>"; };
		C75691BC2879E48F003F25AE /* AnimatingBindingsView.swift */ = {isa = PBXFileReference; lastKnownFileType = sourcecode.swift; path = AnimatingBindingsView.swift; sourceTree = "<group>"; };
		C75691BE2879E54E003F25AE /* ExplicitAnimationsView.swift */ = {isa = PBXFileReference; lastKnownFileType = sourcecode.swift; path = ExplicitAnimationsView.swift; sourceTree = "<group>"; };
		C75691C02879E5F7003F25AE /* ControllingAnimationStackView.swift */ = {isa = PBXFileReference; lastKnownFileType = sourcecode.swift; path = ControllingAnimationStackView.swift; sourceTree = "<group>"; };
		C75691C22879E673003F25AE /* AnimatingGesturesView.swift */ = {isa = PBXFileReference; lastKnownFileType = sourcecode.swift; path = AnimatingGesturesView.swift; sourceTree = "<group>"; };
		C75691C42879E740003F25AE /* TransitionsView.swift */ = {isa = PBXFileReference; lastKnownFileType = sourcecode.swift; path = TransitionsView.swift; sourceTree = "<group>"; };
		C75691C62879E7A0003F25AE /* ViewModifierView.swift */ = {isa = PBXFileReference; lastKnownFileType = sourcecode.swift; path = ViewModifierView.swift; sourceTree = "<group>"; };
		C767BE7C2867647C00D6BF4E /* Animations.app */ = {isa = PBXFileReference; explicitFileType = wrapper.application; includeInIndex = 0; path = Animations.app; sourceTree = BUILT_PRODUCTS_DIR; };
		C767BE7F2867647C00D6BF4E /* AnimationsApp.swift */ = {isa = PBXFileReference; lastKnownFileType = sourcecode.swift; path = AnimationsApp.swift; sourceTree = "<group>"; };
		C767BE812867647C00D6BF4E /* ContentView.swift */ = {isa = PBXFileReference; lastKnownFileType = sourcecode.swift; path = ContentView.swift; sourceTree = "<group>"; };
		C767BE832867647F00D6BF4E /* Assets.xcassets */ = {isa = PBXFileReference; lastKnownFileType = folder.assetcatalog; path = Assets.xcassets; sourceTree = "<group>"; };
		C767BE862867647F00D6BF4E /* Preview Assets.xcassets */ = {isa = PBXFileReference; lastKnownFileType = folder.assetcatalog; path = "Preview Assets.xcassets"; sourceTree = "<group>"; };
/* End PBXFileReference section */

/* Begin PBXFrameworksBuildPhase section */
		C767BE792867647C00D6BF4E /* Frameworks */ = {
			isa = PBXFrameworksBuildPhase;
			buildActionMask = 2147483647;
			files = (
			);
			runOnlyForDeploymentPostprocessing = 0;
		};
/* End PBXFrameworksBuildPhase section */

/* Begin PBXGroup section */
		C767BE732867647C00D6BF4E = {
			isa = PBXGroup;
			children = (
				C767BE7E2867647C00D6BF4E /* Animations */,
				C767BE7D2867647C00D6BF4E /* Products */,
			);
			sourceTree = "<group>";
		};
		C767BE7D2867647C00D6BF4E /* Products */ = {
			isa = PBXGroup;
			children = (
				C767BE7C2867647C00D6BF4E /* Animations.app */,
			);
			name = Products;
			sourceTree = "<group>";
		};
		C767BE7E2867647C00D6BF4E /* Animations */ = {
			isa = PBXGroup;
			children = (
				C75691BA2879E31D003F25AE /* CustomizingAnimationsView.swift */,
				C75691B82879E22E003F25AE /* ImplicitAnimationsView.swift */,
				C767BE7F2867647C00D6BF4E /* AnimationsApp.swift */,
				C767BE812867647C00D6BF4E /* ContentView.swift */,
				C75691C62879E7A0003F25AE /* ViewModifierView.swift */,
				C75691C42879E740003F25AE /* TransitionsView.swift */,
				C75691C22879E673003F25AE /* AnimatingGesturesView.swift */,
				C75691BC2879E48F003F25AE /* AnimatingBindingsView.swift */,
				C75691BE2879E54E003F25AE /* ExplicitAnimationsView.swift */,
				C75691C02879E5F7003F25AE /* ControllingAnimationStackView.swift */,
				C767BE832867647F00D6BF4E /* Assets.xcassets */,
				C767BE852867647F00D6BF4E /* Preview Content */,
			);
			path = Animations;
			sourceTree = "<group>";
		};
		C767BE852867647F00D6BF4E /* Preview Content */ = {
			isa = PBXGroup;
			children = (
				C767BE862867647F00D6BF4E /* Preview Assets.xcassets */,
			);
			path = "Preview Content";
			sourceTree = "<group>";
		};
/* End PBXGroup section */

/* Begin PBXNativeTarget section */
		C767BE7B2867647C00D6BF4E /* Animations */ = {
			isa = PBXNativeTarget;
			buildConfigurationList = C767BE8A2867647F00D6BF4E /* Build configuration list for PBXNativeTarget "Animations" */;
			buildPhases = (
				C767BE782867647C00D6BF4E /* Sources */,
				C767BE792867647C00D6BF4E /* Frameworks */,
				C767BE7A2867647C00D6BF4E /* Resources */,
			);
			buildRules = (
			);
			dependencies = (
			);
			name = Animations;
			productName = Animations;
			productReference = C767BE7C2867647C00D6BF4E /* Animations.app */;
			productType = "com.apple.product-type.application";
		};
/* End PBXNativeTarget section */

/* Begin PBXProject section */
		C767BE742867647C00D6BF4E /* Project object */ = {
			isa = PBXProject;
			attributes = {
				BuildIndependentTargetsInParallel = 1;
				LastSwiftUpdateCheck = 1340;
				LastUpgradeCheck = 1340;
				TargetAttributes = {
					C767BE7B2867647C00D6BF4E = {
						CreatedOnToolsVersion = 13.4.1;
					};
				};
			};
			buildConfigurationList = C767BE772867647C00D6BF4E /* Build configuration list for PBXProject "Animations" */;
			compatibilityVersion = "Xcode 13.0";
			developmentRegion = en;
			hasScannedForEncodings = 0;
			knownRegions = (
				en,
				Base,
			);
			mainGroup = C767BE732867647C00D6BF4E;
			productRefGroup = C767BE7D2867647C00D6BF4E /* Products */;
			projectDirPath = "";
			projectRoot = "";
			targets = (
				C767BE7B2867647C00D6BF4E /* Animations */,
			);
		};
/* End PBXProject section */

/* Begin PBXResourcesBuildPhase section */
		C767BE7A2867647C00D6BF4E /* Resources */ = {
			isa = PBXResourcesBuildPhase;
			buildActionMask = 2147483647;
			files = (
				C767BE872867647F00D6BF4E /* Preview Assets.xcassets in Resources */,
				C767BE842867647F00D6BF4E /* Assets.xcassets in Resources */,
			);
			runOnlyForDeploymentPostprocessing = 0;
		};
/* End PBXResourcesBuildPhase section */

/* Begin PBXSourcesBuildPhase section */
		C767BE782867647C00D6BF4E /* Sources */ = {
			isa = PBXSourcesBuildPhase;
			buildActionMask = 2147483647;
			files = (
				C75691C72879E7A0003F25AE /* ViewModifierView.swift in Sources */,
				C75691BB2879E31D003F25AE /* CustomizingAnimationsView.swift in Sources */,
				C75691BF2879E54E003F25AE /* ExplicitAnimationsView.swift in Sources */,
				C75691B92879E22E003F25AE /* ImplicitAnimationsView.swift in Sources */,
				C75691C32879E673003F25AE /* AnimatingGesturesView.swift in Sources */,
				C75691C12879E5F7003F25AE /* ControllingAnimationStackView.swift in Sources */,
				C75691C52879E740003F25AE /* TransitionsView.swift in Sources */,
				C767BE822867647C00D6BF4E /* ContentView.swift in Sources */,
				C767BE802867647C00D6BF4E /* AnimationsApp.swift in Sources */,
				C75691BD2879E48F003F25AE /* AnimatingBindingsView.swift in Sources */,
			);
			runOnlyForDeploymentPostprocessing = 0;
		};
/* End PBXSourcesBuildPhase section */

/* Begin XCBuildConfiguration section */
		C767BE882867647F00D6BF4E /* Debug */ = {
			isa = XCBuildConfiguration;
			buildSettings = {
				ALWAYS_SEARCH_USER_PATHS = NO;
				CLANG_ANALYZER_NONNULL = YES;
				CLANG_ANALYZER_NUMBER_OBJECT_CONVERSION = YES_AGGRESSIVE;
				CLANG_CXX_LANGUAGE_STANDARD = "gnu++17";
				CLANG_ENABLE_MODULES = YES;
				CLANG_ENABLE_OBJC_ARC = YES;
				CLANG_ENABLE_OBJC_WEAK = YES;
				CLANG_WARN_BLOCK_CAPTURE_AUTORELEASING = YES;
				CLANG_WARN_BOOL_CONVERSION = YES;
				CLANG_WARN_COMMA = YES;
				CLANG_WARN_CONSTANT_CONVERSION = YES;
				CLANG_WARN_DEPRECATED_OBJC_IMPLEMENTATIONS = YES;
				CLANG_WARN_DIRECT_OBJC_ISA_USAGE = YES_ERROR;
				CLANG_WARN_DOCUMENTATION_COMMENTS = YES;
				CLANG_WARN_EMPTY_BODY = YES;
				CLANG_WARN_ENUM_CONVERSION = YES;
				CLANG_WARN_INFINITE_RECURSION = YES;
				CLANG_WARN_INT_CONVERSION = YES;
				CLANG_WARN_NON_LITERAL_NULL_CONVERSION = YES;
				CLANG_WARN_OBJC_IMPLICIT_RETAIN_SELF = YES;
				CLANG_WARN_OBJC_LITERAL_CONVERSION = YES;
				CLANG_WARN_OBJC_ROOT_CLASS = YES_ERROR;
				CLANG_WARN_QUOTED_INCLUDE_IN_FRAMEWORK_HEADER = YES;
				CLANG_WARN_RANGE_LOOP_ANALYSIS = YES;
				CLANG_WARN_STRICT_PROTOTYPES = YES;
				CLANG_WARN_SUSPICIOUS_MOVE = YES;
				CLANG_WARN_UNGUARDED_AVAILABILITY = YES_AGGRESSIVE;
				CLANG_WARN_UNREACHABLE_CODE = YES;
				CLANG_WARN__DUPLICATE_METHOD_MATCH = YES;
				COPY_PHASE_STRIP = NO;
				DEBUG_INFORMATION_FORMAT = dwarf;
				ENABLE_STRICT_OBJC_MSGSEND = YES;
				ENABLE_TESTABILITY = YES;
				GCC_C_LANGUAGE_STANDARD = gnu11;
				GCC_DYNAMIC_NO_PIC = NO;
				GCC_NO_COMMON_BLOCKS = YES;
				GCC_OPTIMIZATION_LEVEL = 0;
				GCC_PREPROCESSOR_DEFINITIONS = (
					"DEBUG=1",
					"$(inherited)",
				);
				GCC_WARN_64_TO_32_BIT_CONVERSION = YES;
				GCC_WARN_ABOUT_RETURN_TYPE = YES_ERROR;
				GCC_WARN_UNDECLARED_SELECTOR = YES;
				GCC_WARN_UNINITIALIZED_AUTOS = YES_AGGRESSIVE;
				GCC_WARN_UNUSED_FUNCTION = YES;
				GCC_WARN_UNUSED_VARIABLE = YES;
				IPHONEOS_DEPLOYMENT_TARGET = 15.5;
				MTL_ENABLE_DEBUG_INFO = INCLUDE_SOURCE;
				MTL_FAST_MATH = YES;
				ONLY_ACTIVE_ARCH = YES;
				SDKROOT = iphoneos;
				SWIFT_ACTIVE_COMPILATION_CONDITIONS = DEBUG;
				SWIFT_OPTIMIZATION_LEVEL = "-Onone";
			};
			name = Debug;
		};
		C767BE892867647F00D6BF4E /* Release */ = {
			isa = XCBuildConfiguration;
			buildSettings = {
				ALWAYS_SEARCH_USER_PATHS = NO;
				CLANG_ANALYZER_NONNULL = YES;
				CLANG_ANALYZER_NUMBER_OBJECT_CONVERSION = YES_AGGRESSIVE;
				CLANG_CXX_LANGUAGE_STANDARD = "gnu++17";
				CLANG_ENABLE_MODULES = YES;
				CLANG_ENABLE_OBJC_ARC = YES;
				CLANG_ENABLE_OBJC_WEAK = YES;
				CLANG_WARN_BLOCK_CAPTURE_AUTORELEASING = YES;
				CLANG_WARN_BOOL_CONVERSION = YES;
				CLANG_WARN_COMMA = YES;
				CLANG_WARN_CONSTANT_CONVERSION = YES;
				CLANG_WARN_DEPRECATED_OBJC_IMPLEMENTATIONS = YES;
				CLANG_WARN_DIRECT_OBJC_ISA_USAGE = YES_ERROR;
				CLANG_WARN_DOCUMENTATION_COMMENTS = YES;
				CLANG_WARN_EMPTY_BODY = YES;
				CLANG_WARN_ENUM_CONVERSION = YES;
				CLANG_WARN_INFINITE_RECURSION = YES;
				CLANG_WARN_INT_CONVERSION = YES;
				CLANG_WARN_NON_LITERAL_NULL_CONVERSION = YES;
				CLANG_WARN_OBJC_IMPLICIT_RETAIN_SELF = YES;
				CLANG_WARN_OBJC_LITERAL_CONVERSION = YES;
				CLANG_WARN_OBJC_ROOT_CLASS = YES_ERROR;
				CLANG_WARN_QUOTED_INCLUDE_IN_FRAMEWORK_HEADER = YES;
				CLANG_WARN_RANGE_LOOP_ANALYSIS = YES;
				CLANG_WARN_STRICT_PROTOTYPES = YES;
				CLANG_WARN_SUSPICIOUS_MOVE = YES;
				CLANG_WARN_UNGUARDED_AVAILABILITY = YES_AGGRESSIVE;
				CLANG_WARN_UNREACHABLE_CODE = YES;
				CLANG_WARN__DUPLICATE_METHOD_MATCH = YES;
				COPY_PHASE_STRIP = NO;
				DEBUG_INFORMATION_FORMAT = "dwarf-with-dsym";
				ENABLE_NS_ASSERTIONS = NO;
				ENABLE_STRICT_OBJC_MSGSEND = YES;
				GCC_C_LANGUAGE_STANDARD = gnu11;
				GCC_NO_COMMON_BLOCKS = YES;
				GCC_WARN_64_TO_32_BIT_CONVERSION = YES;
				GCC_WARN_ABOUT_RETURN_TYPE = YES_ERROR;
				GCC_WARN_UNDECLARED_SELECTOR = YES;
				GCC_WARN_UNINITIALIZED_AUTOS = YES_AGGRESSIVE;
				GCC_WARN_UNUSED_FUNCTION = YES;
				GCC_WARN_UNUSED_VARIABLE = YES;
				IPHONEOS_DEPLOYMENT_TARGET = 15.5;
				MTL_ENABLE_DEBUG_INFO = NO;
				MTL_FAST_MATH = YES;
				SDKROOT = iphoneos;
				SWIFT_COMPILATION_MODE = wholemodule;
				SWIFT_OPTIMIZATION_LEVEL = "-O";
				VALIDATE_PRODUCT = YES;
			};
			name = Release;
		};
		C767BE8B2867647F00D6BF4E /* Debug */ = {
			isa = XCBuildConfiguration;
			buildSettings = {
				ASSETCATALOG_COMPILER_APPICON_NAME = AppIcon;
				ASSETCATALOG_COMPILER_GLOBAL_ACCENT_COLOR_NAME = AccentColor;
				CODE_SIGN_STYLE = Automatic;
				CURRENT_PROJECT_VERSION = 1;
				DEVELOPMENT_ASSET_PATHS = "\"Animations/Preview Content\"";
				ENABLE_PREVIEWS = YES;
				GENERATE_INFOPLIST_FILE = YES;
				INFOPLIST_KEY_UIApplicationSceneManifest_Generation = YES;
				INFOPLIST_KEY_UIApplicationSupportsIndirectInputEvents = YES;
				INFOPLIST_KEY_UILaunchScreen_Generation = YES;
				INFOPLIST_KEY_UISupportedInterfaceOrientations_iPad = "UIInterfaceOrientationPortrait UIInterfaceOrientationPortraitUpsideDown UIInterfaceOrientationLandscapeLeft UIInterfaceOrientationLandscapeRight";
				INFOPLIST_KEY_UISupportedInterfaceOrientations_iPhone = "UIInterfaceOrientationPortrait UIInterfaceOrientationLandscapeLeft UIInterfaceOrientationLandscapeRight";
				LD_RUNPATH_SEARCH_PATHS = (
					"$(inherited)",
					"@executable_path/Frameworks",
				);
				MARKETING_VERSION = 1.0;
				PRODUCT_BUNDLE_IDENTIFIER = com.landoncayia.Animations;
				PRODUCT_NAME = "$(TARGET_NAME)";
				SWIFT_EMIT_LOC_STRINGS = YES;
				SWIFT_VERSION = 5.0;
				TARGETED_DEVICE_FAMILY = "1,2";
			};
			name = Debug;
		};
		C767BE8C2867647F00D6BF4E /* Release */ = {
			isa = XCBuildConfiguration;
			buildSettings = {
				ASSETCATALOG_COMPILER_APPICON_NAME = AppIcon;
				ASSETCATALOG_COMPILER_GLOBAL_ACCENT_COLOR_NAME = AccentColor;
				CODE_SIGN_STYLE = Automatic;
				CURRENT_PROJECT_VERSION = 1;
				DEVELOPMENT_ASSET_PATHS = "\"Animations/Preview Content\"";
				ENABLE_PREVIEWS = YES;
				GENERATE_INFOPLIST_FILE = YES;
				INFOPLIST_KEY_UIApplicationSceneManifest_Generation = YES;
				INFOPLIST_KEY_UIApplicationSupportsIndirectInputEvents = YES;
				INFOPLIST_KEY_UILaunchScreen_Generation = YES;
				INFOPLIST_KEY_UISupportedInterfaceOrientations_iPad = "UIInterfaceOrientationPortrait UIInterfaceOrientationPortraitUpsideDown UIInterfaceOrientationLandscapeLeft UIInterfaceOrientationLandscapeRight";
				INFOPLIST_KEY_UISupportedInterfaceOrientations_iPhone = "UIInterfaceOrientationPortrait UIInterfaceOrientationLandscapeLeft UIInterfaceOrientationLandscapeRight";
				LD_RUNPATH_SEARCH_PATHS = (
					"$(inherited)",
					"@executable_path/Frameworks",
				);
				MARKETING_VERSION = 1.0;
				PRODUCT_BUNDLE_IDENTIFIER = com.landoncayia.Animations;
				PRODUCT_NAME = "$(TARGET_NAME)";
				SWIFT_EMIT_LOC_STRINGS = YES;
				SWIFT_VERSION = 5.0;
				TARGETED_DEVICE_FAMILY = "1,2";
			};
			name = Release;
		};
/* End XCBuildConfiguration section */

/* Begin XCConfigurationList section */
		C767BE772867647C00D6BF4E /* Build configuration list for PBXProject "Animations" */ = {
			isa = XCConfigurationList;
			buildConfigurations = (
				C767BE882867647F00D6BF4E /* Debug */,
				C767BE892867647F00D6BF4E /* Release */,
			);
			defaultConfigurationIsVisible = 0;
			defaultConfigurationName = Release;
		};
		C767BE8A2867647F00D6BF4E /* Build configuration list for PBXNativeTarget "Animations" */ = {
			isa = XCConfigurationList;
			buildConfigurations = (
				C767BE8B2867647F00D6BF4E /* Debug */,
				C767BE8C2867647F00D6BF4E /* Release */,
			);
			defaultConfigurationIsVisible = 0;
			defaultConfigurationName = Release;
		};
/* End XCConfigurationList section */
	};
	rootObject = C767BE742867647C00D6BF4E /* Project object */;
}
