// !$*UTF8*$!
{
	archiveVersion = 1;
	classes = {
	};
	objectVersion = 55;
	objects = {

/* Begin PBXBuildFile section */
		C70078DC28903136009EE7B7 /* ColorCircleView.swift in Sources */ = {isa = PBXBuildFile; fileRef = C70078DB28903136009EE7B7 /* ColorCircleView.swift */; };
		C70078DE28903461009EE7B7 /* BlurSaturationView.swift in Sources */ = {isa = PBXBuildFile; fileRef = C70078DD28903461009EE7B7 /* BlurSaturationView.swift */; };
		C70078E028903501009EE7B7 /* MultiplyBlendModeView.swift in Sources */ = {isa = PBXBuildFile; fileRef = C70078DF28903501009EE7B7 /* MultiplyBlendModeView.swift */; };
		C70078E22890356C009EE7B7 /* AnimatingShapesView.swift in Sources */ = {isa = PBXBuildFile; fileRef = C70078E12890356C009EE7B7 /* AnimatingShapesView.swift */; };
		C70078E4289037DF009EE7B7 /* AnimatingComplexShapesView.swift in Sources */ = {isa = PBXBuildFile; fileRef = C70078E3289037DF009EE7B7 /* AnimatingComplexShapesView.swift */; };
		C70078E628903CF7009EE7B7 /* SpirographView.swift in Sources */ = {isa = PBXBuildFile; fileRef = C70078E528903CF7009EE7B7 /* SpirographView.swift */; };
		C7025717288EE92300DC2049 /* CGAffineTransformView.swift in Sources */ = {isa = PBXBuildFile; fileRef = C7025716288EE92300DC2049 /* CGAffineTransformView.swift */; };
		C7025719288EF56300DC2049 /* ImagePaintView.swift in Sources */ = {isa = PBXBuildFile; fileRef = C7025718288EF56300DC2049 /* ImagePaintView.swift */; };
		C702571B288EF7B500DC2049 /* DrawingGroupView.swift in Sources */ = {isa = PBXBuildFile; fileRef = C702571A288EF7B500DC2049 /* DrawingGroupView.swift */; };
		C75691A52879BE83003F25AE /* DrawingApp.swift in Sources */ = {isa = PBXBuildFile; fileRef = C75691A42879BE83003F25AE /* DrawingApp.swift */; };
		C75691A72879BE83003F25AE /* ContentView.swift in Sources */ = {isa = PBXBuildFile; fileRef = C75691A62879BE83003F25AE /* ContentView.swift */; };
		C75691A92879BE85003F25AE /* Assets.xcassets in Resources */ = {isa = PBXBuildFile; fileRef = C75691A82879BE85003F25AE /* Assets.xcassets */; };
		C75691AC2879BE85003F25AE /* Preview Assets.xcassets in Resources */ = {isa = PBXBuildFile; fileRef = C75691AB2879BE85003F25AE /* Preview Assets.xcassets */; };
		C75691B32879BFAE003F25AE /* PathView.swift in Sources */ = {isa = PBXBuildFile; fileRef = C75691B22879BFAE003F25AE /* PathView.swift */; };
		C75691B52879C27A003F25AE /* ShapeView.swift in Sources */ = {isa = PBXBuildFile; fileRef = C75691B42879C27A003F25AE /* ShapeView.swift */; };
		C75691B72879C60E003F25AE /* StrokeBorderSupport.swift in Sources */ = {isa = PBXBuildFile; fileRef = C75691B62879C60E003F25AE /* StrokeBorderSupport.swift */; };
		C7E3D0A628917FA20008956E /* ArrowChallengeView.swift in Sources */ = {isa = PBXBuildFile; fileRef = C7E3D0A528917FA20008956E /* ArrowChallengeView.swift */; };
		C7E3D0A82891878C0008956E /* ColorCyclingRectangleView.swift in Sources */ = {isa = PBXBuildFile; fileRef = C7E3D0A72891878C0008956E /* ColorCyclingRectangleView.swift */; };
/* End PBXBuildFile section */

/* Begin PBXFileReference section */
		C70078DB28903136009EE7B7 /* ColorCircleView.swift */ = {isa = PBXFileReference; lastKnownFileType = sourcecode.swift; path = ColorCircleView.swift; sourceTree = "<group>"; };
		C70078DD28903461009EE7B7 /* BlurSaturationView.swift */ = {isa = PBXFileReference; lastKnownFileType = sourcecode.swift; path = BlurSaturationView.swift; sourceTree = "<group>"; };
		C70078DF28903501009EE7B7 /* MultiplyBlendModeView.swift */ = {isa = PBXFileReference; lastKnownFileType = sourcecode.swift; path = MultiplyBlendModeView.swift; sourceTree = "<group>"; };
		C70078E12890356C009EE7B7 /* AnimatingShapesView.swift */ = {isa = PBXFileReference; lastKnownFileType = sourcecode.swift; path = AnimatingShapesView.swift; sourceTree = "<group>"; };
		C70078E3289037DF009EE7B7 /* AnimatingComplexShapesView.swift */ = {isa = PBXFileReference; lastKnownFileType = sourcecode.swift; path = AnimatingComplexShapesView.swift; sourceTree = "<group>"; };
		C70078E528903CF7009EE7B7 /* SpirographView.swift */ = {isa = PBXFileReference; lastKnownFileType = sourcecode.swift; path = SpirographView.swift; sourceTree = "<group>"; };
		C7025715288EE82200DC2049 /* README.md */ = {isa = PBXFileReference; lastKnownFileType = net.daringfireball.markdown; path = README.md; sourceTree = "<group>"; };
		C7025716288EE92300DC2049 /* CGAffineTransformView.swift */ = {isa = PBXFileReference; lastKnownFileType = sourcecode.swift; path = CGAffineTransformView.swift; sourceTree = "<group>"; };
		C7025718288EF56300DC2049 /* ImagePaintView.swift */ = {isa = PBXFileReference; lastKnownFileType = sourcecode.swift; path = ImagePaintView.swift; sourceTree = "<group>"; };
		C702571A288EF7B500DC2049 /* DrawingGroupView.swift */ = {isa = PBXFileReference; lastKnownFileType = sourcecode.swift; path = DrawingGroupView.swift; sourceTree = "<group>"; };
		C75691A12879BE83003F25AE /* Drawing.app */ = {isa = PBXFileReference; explicitFileType = wrapper.application; includeInIndex = 0; path = Drawing.app; sourceTree = BUILT_PRODUCTS_DIR; };
		C75691A42879BE83003F25AE /* DrawingApp.swift */ = {isa = PBXFileReference; lastKnownFileType = sourcecode.swift; path = DrawingApp.swift; sourceTree = "<group>"; };
		C75691A62879BE83003F25AE /* ContentView.swift */ = {isa = PBXFileReference; lastKnownFileType = sourcecode.swift; path = ContentView.swift; sourceTree = "<group>"; };
		C75691A82879BE85003F25AE /* Assets.xcassets */ = {isa = PBXFileReference; lastKnownFileType = folder.assetcatalog; path = Assets.xcassets; sourceTree = "<group>"; };
		C75691AB2879BE85003F25AE /* Preview Assets.xcassets */ = {isa = PBXFileReference; lastKnownFileType = folder.assetcatalog; path = "Preview Assets.xcassets"; sourceTree = "<group>"; };
		C75691B22879BFAE003F25AE /* PathView.swift */ = {isa = PBXFileReference; lastKnownFileType = sourcecode.swift; path = PathView.swift; sourceTree = "<group>"; };
		C75691B42879C27A003F25AE /* ShapeView.swift */ = {isa = PBXFileReference; lastKnownFileType = sourcecode.swift; path = ShapeView.swift; sourceTree = "<group>"; };
		C75691B62879C60E003F25AE /* StrokeBorderSupport.swift */ = {isa = PBXFileReference; lastKnownFileType = sourcecode.swift; path = StrokeBorderSupport.swift; sourceTree = "<group>"; };
		C7E3D0A528917FA20008956E /* ArrowChallengeView.swift */ = {isa = PBXFileReference; lastKnownFileType = sourcecode.swift; path = ArrowChallengeView.swift; sourceTree = "<group>"; };
		C7E3D0A72891878C0008956E /* ColorCyclingRectangleView.swift */ = {isa = PBXFileReference; lastKnownFileType = sourcecode.swift; path = ColorCyclingRectangleView.swift; sourceTree = "<group>"; };
/* End PBXFileReference section */

/* Begin PBXFrameworksBuildPhase section */
		C756919E2879BE83003F25AE /* Frameworks */ = {
			isa = PBXFrameworksBuildPhase;
			buildActionMask = 2147483647;
			files = (
			);
			runOnlyForDeploymentPostprocessing = 0;
		};
/* End PBXFrameworksBuildPhase section */

/* Begin PBXGroup section */
		C75691982879BE83003F25AE = {
			isa = PBXGroup;
			children = (
				C7025715288EE82200DC2049 /* README.md */,
				C75691A32879BE83003F25AE /* Drawing */,
				C75691A22879BE83003F25AE /* Products */,
			);
			sourceTree = "<group>";
		};
		C75691A22879BE83003F25AE /* Products */ = {
			isa = PBXGroup;
			children = (
				C75691A12879BE83003F25AE /* Drawing.app */,
			);
			name = Products;
			sourceTree = "<group>";
		};
		C75691A32879BE83003F25AE /* Drawing */ = {
			isa = PBXGroup;
			children = (
				C75691A42879BE83003F25AE /* DrawingApp.swift */,
				C75691A62879BE83003F25AE /* ContentView.swift */,
				C7E3D0A72891878C0008956E /* ColorCyclingRectangleView.swift */,
				C7E3D0A528917FA20008956E /* ArrowChallengeView.swift */,
				C70078E528903CF7009EE7B7 /* SpirographView.swift */,
				C70078E12890356C009EE7B7 /* AnimatingShapesView.swift */,
				C70078E3289037DF009EE7B7 /* AnimatingComplexShapesView.swift */,
				C70078DF28903501009EE7B7 /* MultiplyBlendModeView.swift */,
				C70078DD28903461009EE7B7 /* BlurSaturationView.swift */,
				C70078DB28903136009EE7B7 /* ColorCircleView.swift */,
				C702571A288EF7B500DC2049 /* DrawingGroupView.swift */,
				C7025718288EF56300DC2049 /* ImagePaintView.swift */,
				C7025716288EE92300DC2049 /* CGAffineTransformView.swift */,
				C75691B42879C27A003F25AE /* ShapeView.swift */,
				C75691B62879C60E003F25AE /* StrokeBorderSupport.swift */,
				C75691B22879BFAE003F25AE /* PathView.swift */,
				C75691A82879BE85003F25AE /* Assets.xcassets */,
				C75691AA2879BE85003F25AE /* Preview Content */,
			);
			path = Drawing;
			sourceTree = "<group>";
		};
		C75691AA2879BE85003F25AE /* Preview Content */ = {
			isa = PBXGroup;
			children = (
				C75691AB2879BE85003F25AE /* Preview Assets.xcassets */,
			);
			path = "Preview Content";
			sourceTree = "<group>";
		};
/* End PBXGroup section */

/* Begin PBXNativeTarget section */
		C75691A02879BE83003F25AE /* Drawing */ = {
			isa = PBXNativeTarget;
			buildConfigurationList = C75691AF2879BE85003F25AE /* Build configuration list for PBXNativeTarget "Drawing" */;
			buildPhases = (
				C756919D2879BE83003F25AE /* Sources */,
				C756919E2879BE83003F25AE /* Frameworks */,
				C756919F2879BE83003F25AE /* Resources */,
			);
			buildRules = (
			);
			dependencies = (
			);
			name = Drawing;
			productName = Drawing;
			productReference = C75691A12879BE83003F25AE /* Drawing.app */;
			productType = "com.apple.product-type.application";
		};
/* End PBXNativeTarget section */

/* Begin PBXProject section */
		C75691992879BE83003F25AE /* Project object */ = {
			isa = PBXProject;
			attributes = {
				BuildIndependentTargetsInParallel = 1;
				LastSwiftUpdateCheck = 1340;
				LastUpgradeCheck = 1340;
				TargetAttributes = {
					C75691A02879BE83003F25AE = {
						CreatedOnToolsVersion = 13.4.1;
					};
				};
			};
			buildConfigurationList = C756919C2879BE83003F25AE /* Build configuration list for PBXProject "Drawing" */;
			compatibilityVersion = "Xcode 13.0";
			developmentRegion = en;
			hasScannedForEncodings = 0;
			knownRegions = (
				en,
				Base,
			);
			mainGroup = C75691982879BE83003F25AE;
			productRefGroup = C75691A22879BE83003F25AE /* Products */;
			projectDirPath = "";
			projectRoot = "";
			targets = (
				C75691A02879BE83003F25AE /* Drawing */,
			);
		};
/* End PBXProject section */

/* Begin PBXResourcesBuildPhase section */
		C756919F2879BE83003F25AE /* Resources */ = {
			isa = PBXResourcesBuildPhase;
			buildActionMask = 2147483647;
			files = (
				C75691AC2879BE85003F25AE /* Preview Assets.xcassets in Resources */,
				C75691A92879BE85003F25AE /* Assets.xcassets in Resources */,
			);
			runOnlyForDeploymentPostprocessing = 0;
		};
/* End PBXResourcesBuildPhase section */

/* Begin PBXSourcesBuildPhase section */
		C756919D2879BE83003F25AE /* Sources */ = {
			isa = PBXSourcesBuildPhase;
			buildActionMask = 2147483647;
			files = (
				C75691B32879BFAE003F25AE /* PathView.swift in Sources */,
				C7025719288EF56300DC2049 /* ImagePaintView.swift in Sources */,
				C7E3D0A82891878C0008956E /* ColorCyclingRectangleView.swift in Sources */,
				C75691A72879BE83003F25AE /* ContentView.swift in Sources */,
				C7025717288EE92300DC2049 /* CGAffineTransformView.swift in Sources */,
				C75691B72879C60E003F25AE /* StrokeBorderSupport.swift in Sources */,
				C70078DE28903461009EE7B7 /* BlurSaturationView.swift in Sources */,
				C70078DC28903136009EE7B7 /* ColorCircleView.swift in Sources */,
				C70078E628903CF7009EE7B7 /* SpirographView.swift in Sources */,
				C7E3D0A628917FA20008956E /* ArrowChallengeView.swift in Sources */,
				C70078E22890356C009EE7B7 /* AnimatingShapesView.swift in Sources */,
				C702571B288EF7B500DC2049 /* DrawingGroupView.swift in Sources */,
				C70078E028903501009EE7B7 /* MultiplyBlendModeView.swift in Sources */,
				C75691B52879C27A003F25AE /* ShapeView.swift in Sources */,
				C75691A52879BE83003F25AE /* DrawingApp.swift in Sources */,
				C70078E4289037DF009EE7B7 /* AnimatingComplexShapesView.swift in Sources */,
			);
			runOnlyForDeploymentPostprocessing = 0;
		};
/* End PBXSourcesBuildPhase section */

/* Begin XCBuildConfiguration section */
		C75691AD2879BE85003F25AE /* Debug */ = {
			isa = XCBuildConfiguration;
			buildSettings = {
				ALWAYS_SEARCH_USER_PATHS = NO;
				CLANG_ANALYZER_NONNULL = YES;
				CLANG_ANALYZER_NUMBER_OBJECT_CONVERSION = YES_AGGRESSIVE;
				CLANG_CXX_LANGUAGE_STANDARD = "gnu++17";
				CLANG_ENABLE_MODULES = YES;
				CLANG_ENABLE_OBJC_ARC = YES;
				CLANG_ENABLE_OBJC_WEAK = YES;
				CLANG_WARN_BLOCK_CAPTURE_AUTORELEASING = YES;
				CLANG_WARN_BOOL_CONVERSION = YES;
				CLANG_WARN_COMMA = YES;
				CLANG_WARN_CONSTANT_CONVERSION = YES;
				CLANG_WARN_DEPRECATED_OBJC_IMPLEMENTATIONS = YES;
				CLANG_WARN_DIRECT_OBJC_ISA_USAGE = YES_ERROR;
				CLANG_WARN_DOCUMENTATION_COMMENTS = YES;
				CLANG_WARN_EMPTY_BODY = YES;
				CLANG_WARN_ENUM_CONVERSION = YES;
				CLANG_WARN_INFINITE_RECURSION = YES;
				CLANG_WARN_INT_CONVERSION = YES;
				CLANG_WARN_NON_LITERAL_NULL_CONVERSION = YES;
				CLANG_WARN_OBJC_IMPLICIT_RETAIN_SELF = YES;
				CLANG_WARN_OBJC_LITERAL_CONVERSION = YES;
				CLANG_WARN_OBJC_ROOT_CLASS = YES_ERROR;
				CLANG_WARN_QUOTED_INCLUDE_IN_FRAMEWORK_HEADER = YES;
				CLANG_WARN_RANGE_LOOP_ANALYSIS = YES;
				CLANG_WARN_STRICT_PROTOTYPES = YES;
				CLANG_WARN_SUSPICIOUS_MOVE = YES;
				CLANG_WARN_UNGUARDED_AVAILABILITY = YES_AGGRESSIVE;
				CLANG_WARN_UNREACHABLE_CODE = YES;
				CLANG_WARN__DUPLICATE_METHOD_MATCH = YES;
				COPY_PHASE_STRIP = NO;
				DEBUG_INFORMATION_FORMAT = dwarf;
				ENABLE_STRICT_OBJC_MSGSEND = YES;
				ENABLE_TESTABILITY = YES;
				GCC_C_LANGUAGE_STANDARD = gnu11;
				GCC_DYNAMIC_NO_PIC = NO;
				GCC_NO_COMMON_BLOCKS = YES;
				GCC_OPTIMIZATION_LEVEL = 0;
				GCC_PREPROCESSOR_DEFINITIONS = (
					"DEBUG=1",
					"$(inherited)",
				);
				GCC_WARN_64_TO_32_BIT_CONVERSION = YES;
				GCC_WARN_ABOUT_RETURN_TYPE = YES_ERROR;
				GCC_WARN_UNDECLARED_SELECTOR = YES;
				GCC_WARN_UNINITIALIZED_AUTOS = YES_AGGRESSIVE;
				GCC_WARN_UNUSED_FUNCTION = YES;
				GCC_WARN_UNUSED_VARIABLE = YES;
				IPHONEOS_DEPLOYMENT_TARGET = 15.5;
				MTL_ENABLE_DEBUG_INFO = INCLUDE_SOURCE;
				MTL_FAST_MATH = YES;
				ONLY_ACTIVE_ARCH = YES;
				SDKROOT = iphoneos;
				SWIFT_ACTIVE_COMPILATION_CONDITIONS = DEBUG;
				SWIFT_OPTIMIZATION_LEVEL = "-Onone";
			};
			name = Debug;
		};
		C75691AE2879BE85003F25AE /* Release */ = {
			isa = XCBuildConfiguration;
			buildSettings = {
				ALWAYS_SEARCH_USER_PATHS = NO;
				CLANG_ANALYZER_NONNULL = YES;
				CLANG_ANALYZER_NUMBER_OBJECT_CONVERSION = YES_AGGRESSIVE;
				CLANG_CXX_LANGUAGE_STANDARD = "gnu++17";
				CLANG_ENABLE_MODULES = YES;
				CLANG_ENABLE_OBJC_ARC = YES;
				CLANG_ENABLE_OBJC_WEAK = YES;
				CLANG_WARN_BLOCK_CAPTURE_AUTORELEASING = YES;
				CLANG_WARN_BOOL_CONVERSION = YES;
				CLANG_WARN_COMMA = YES;
				CLANG_WARN_CONSTANT_CONVERSION = YES;
				CLANG_WARN_DEPRECATED_OBJC_IMPLEMENTATIONS = YES;
				CLANG_WARN_DIRECT_OBJC_ISA_USAGE = YES_ERROR;
				CLANG_WARN_DOCUMENTATION_COMMENTS = YES;
				CLANG_WARN_EMPTY_BODY = YES;
				CLANG_WARN_ENUM_CONVERSION = YES;
				CLANG_WARN_INFINITE_RECURSION = YES;
				CLANG_WARN_INT_CONVERSION = YES;
				CLANG_WARN_NON_LITERAL_NULL_CONVERSION = YES;
				CLANG_WARN_OBJC_IMPLICIT_RETAIN_SELF = YES;
				CLANG_WARN_OBJC_LITERAL_CONVERSION = YES;
				CLANG_WARN_OBJC_ROOT_CLASS = YES_ERROR;
				CLANG_WARN_QUOTED_INCLUDE_IN_FRAMEWORK_HEADER = YES;
				CLANG_WARN_RANGE_LOOP_ANALYSIS = YES;
				CLANG_WARN_STRICT_PROTOTYPES = YES;
				CLANG_WARN_SUSPICIOUS_MOVE = YES;
				CLANG_WARN_UNGUARDED_AVAILABILITY = YES_AGGRESSIVE;
				CLANG_WARN_UNREACHABLE_CODE = YES;
				CLANG_WARN__DUPLICATE_METHOD_MATCH = YES;
				COPY_PHASE_STRIP = NO;
				DEBUG_INFORMATION_FORMAT = "dwarf-with-dsym";
				ENABLE_NS_ASSERTIONS = NO;
				ENABLE_STRICT_OBJC_MSGSEND = YES;
				GCC_C_LANGUAGE_STANDARD = gnu11;
				GCC_NO_COMMON_BLOCKS = YES;
				GCC_WARN_64_TO_32_BIT_CONVERSION = YES;
				GCC_WARN_ABOUT_RETURN_TYPE = YES_ERROR;
				GCC_WARN_UNDECLARED_SELECTOR = YES;
				GCC_WARN_UNINITIALIZED_AUTOS = YES_AGGRESSIVE;
				GCC_WARN_UNUSED_FUNCTION = YES;
				GCC_WARN_UNUSED_VARIABLE = YES;
				IPHONEOS_DEPLOYMENT_TARGET = 15.5;
				MTL_ENABLE_DEBUG_INFO = NO;
				MTL_FAST_MATH = YES;
				SDKROOT = iphoneos;
				SWIFT_COMPILATION_MODE = wholemodule;
				SWIFT_OPTIMIZATION_LEVEL = "-O";
				VALIDATE_PRODUCT = YES;
			};
			name = Release;
		};
		C75691B02879BE85003F25AE /* Debug */ = {
			isa = XCBuildConfiguration;
			buildSettings = {
				ASSETCATALOG_COMPILER_APPICON_NAME = AppIcon;
				ASSETCATALOG_COMPILER_GLOBAL_ACCENT_COLOR_NAME = AccentColor;
				CODE_SIGN_STYLE = Automatic;
				CURRENT_PROJECT_VERSION = 1;
				DEVELOPMENT_ASSET_PATHS = "\"Drawing/Preview Content\"";
				ENABLE_PREVIEWS = YES;
				GENERATE_INFOPLIST_FILE = YES;
				INFOPLIST_KEY_UIApplicationSceneManifest_Generation = YES;
				INFOPLIST_KEY_UIApplicationSupportsIndirectInputEvents = YES;
				INFOPLIST_KEY_UILaunchScreen_Generation = YES;
				INFOPLIST_KEY_UISupportedInterfaceOrientations_iPad = "UIInterfaceOrientationPortrait UIInterfaceOrientationPortraitUpsideDown UIInterfaceOrientationLandscapeLeft UIInterfaceOrientationLandscapeRight";
				INFOPLIST_KEY_UISupportedInterfaceOrientations_iPhone = "UIInterfaceOrientationPortrait UIInterfaceOrientationLandscapeLeft UIInterfaceOrientationLandscapeRight";
				LD_RUNPATH_SEARCH_PATHS = (
					"$(inherited)",
					"@executable_path/Frameworks",
				);
				MARKETING_VERSION = 1.0;
				PRODUCT_BUNDLE_IDENTIFIER = com.landoncayia.Drawing;
				PRODUCT_NAME = "$(TARGET_NAME)";
				SWIFT_EMIT_LOC_STRINGS = YES;
				SWIFT_VERSION = 5.0;
				TARGETED_DEVICE_FAMILY = "1,2";
			};
			name = Debug;
		};
		C75691B12879BE85003F25AE /* Release */ = {
			isa = XCBuildConfiguration;
			buildSettings = {
				ASSETCATALOG_COMPILER_APPICON_NAME = AppIcon;
				ASSETCATALOG_COMPILER_GLOBAL_ACCENT_COLOR_NAME = AccentColor;
				CODE_SIGN_STYLE = Automatic;
				CURRENT_PROJECT_VERSION = 1;
				DEVELOPMENT_ASSET_PATHS = "\"Drawing/Preview Content\"";
				ENABLE_PREVIEWS = YES;
				GENERATE_INFOPLIST_FILE = YES;
				INFOPLIST_KEY_UIApplicationSceneManifest_Generation = YES;
				INFOPLIST_KEY_UIApplicationSupportsIndirectInputEvents = YES;
				INFOPLIST_KEY_UILaunchScreen_Generation = YES;
				INFOPLIST_KEY_UISupportedInterfaceOrientations_iPad = "UIInterfaceOrientationPortrait UIInterfaceOrientationPortraitUpsideDown UIInterfaceOrientationLandscapeLeft UIInterfaceOrientationLandscapeRight";
				INFOPLIST_KEY_UISupportedInterfaceOrientations_iPhone = "UIInterfaceOrientationPortrait UIInterfaceOrientationLandscapeLeft UIInterfaceOrientationLandscapeRight";
				LD_RUNPATH_SEARCH_PATHS = (
					"$(inherited)",
					"@executable_path/Frameworks",
				);
				MARKETING_VERSION = 1.0;
				PRODUCT_BUNDLE_IDENTIFIER = com.landoncayia.Drawing;
				PRODUCT_NAME = "$(TARGET_NAME)";
				SWIFT_EMIT_LOC_STRINGS = YES;
				SWIFT_VERSION = 5.0;
				TARGETED_DEVICE_FAMILY = "1,2";
			};
			name = Release;
		};
/* End XCBuildConfiguration section */

/* Begin XCConfigurationList section */
		C756919C2879BE83003F25AE /* Build configuration list for PBXProject "Drawing" */ = {
			isa = XCConfigurationList;
			buildConfigurations = (
				C75691AD2879BE85003F25AE /* Debug */,
				C75691AE2879BE85003F25AE /* Release */,
			);
			defaultConfigurationIsVisible = 0;
			defaultConfigurationName = Release;
		};
		C75691AF2879BE85003F25AE /* Build configuration list for PBXNativeTarget "Drawing" */ = {
			isa = XCConfigurationList;
			buildConfigurations = (
				C75691B02879BE85003F25AE /* Debug */,
				C75691B12879BE85003F25AE /* Release */,
			);
			defaultConfigurationIsVisible = 0;
			defaultConfigurationName = Release;
		};
/* End XCConfigurationList section */
	};
	rootObject = C75691992879BE83003F25AE /* Project object */;
}
